
Microsoft Visual Studio Solution File, Format Version 12.00
# Visual Studio 15
VisualStudioVersion = 15.0.28307.1321
MinimumVisualStudioVersion = 10.0.40219.1
Project("{FAE04EC0-301F-11D3-BF4B-00C04F79EFBC}") = "ShootingRange", "ShootingRange.csproj", "{37A57D5B-1831-4D3F-A5E9-84B141D539A7}"
EndProject
Global
	GlobalSection(SolutionConfigurationPlatforms) = preSolution
		Debug|Any CPU = Debug|Any CPU
		Release|Any CPU = Release|Any CPU
	EndGlobalSection
	GlobalSection(ProjectConfigurationPlatforms) = postSolution
		{37A57D5B-1831-4D3F-A5E9-84B141D539A7}.Debug|Any CPU.ActiveCfg = Debug|Any CPU
		{37A57D5B-1831-4D3F-A5E9-84B141D539A7}.Debug|Any CPU.Build.0 = Debug|Any CPU
		{37A57D5B-1831-4D3F-A5E9-84B141D539A7}.Release|Any CPU.ActiveCfg = Release|Any CPU
		{37A57D5B-1831-4D3F-A5E9-84B141D539A7}.Release|Any CPU.Build.0 = Release|Any CPU
	EndGlobalSection
	GlobalSection(SolutionProperties) = preSolution
		HideSolutionNode = FALSE
	EndGlobalSection
	GlobalSection(ExtensibilityGlobals) = postSolution
		SolutionGuid = {2BD3DF38-B7D1-485B-9C21-09D769FF2779}
	EndGlobalSection
EndGlobal
